
Microsoft Visual Studio Solution File, Format Version 12.00
# Visual Studio Version 17
VisualStudioVersion = 17.1.32407.343
MinimumVisualStudioVersion = 10.0.40219.1
Project("{FAE04EC0-301F-11D3-BF4B-00C04F79EFBC}") = "Gesture_Recognition", "Gesture_Recognition.csproj", "{1474A70D-A211-4000-8FAA-C0736CE2E0A0}"
EndProject
Global
	GlobalSection(SolutionConfigurationPlatforms) = preSolution
		Debug|Any CPU = Debug|Any CPU
		Release|Any CPU = Release|Any CPU
	EndGlobalSection
	GlobalSection(ProjectConfigurationPlatforms) = postSolution
		{1474A70D-A211-4000-8FAA-C0736CE2E0A0}.Debug|Any CPU.ActiveCfg = Debug|Any CPU
		{1474A70D-A211-4000-8FAA-C0736CE2E0A0}.Debug|Any CPU.Build.0 = Debug|Any CPU
		{1474A70D-A211-4000-8FAA-C0736CE2E0A0}.Release|Any CPU.ActiveCfg = Release|Any CPU
		{1474A70D-A211-4000-8FAA-C0736CE2E0A0}.Release|Any CPU.Build.0 = Release|Any CPU
	EndGlobalSection
	GlobalSection(SolutionProperties) = preSolution
		HideSolutionNode = FALSE
	EndGlobalSection
	GlobalSection(ExtensibilityGlobals) = postSolution
		SolutionGuid = {E50214D6-B1C5-437E-A101-7E2967DF4109}
	EndGlobalSection
EndGlobal
